// !$*UTF8*$!
{
	archiveVersion = 1;
	classes = {
	};
	objectVersion = 46;
	objects = {

/* Begin PBXBuildFile section */
		1B2865E41E758E3A00D4751A /* AppDelegate.swift in Sources */ = {isa = PBXBuildFile; fileRef = 1B2865E31E758E3A00D4751A /* AppDelegate.swift */; };
		1B2865EC1E758E3A00D4751A /* Dring.xcdatamodeld in Sources */ = {isa = PBXBuildFile; fileRef = 1B2865EA1E758E3A00D4751A /* Dring.xcdatamodeld */; };
		1B2865EE1E758E3A00D4751A /* Assets.xcassets in Resources */ = {isa = PBXBuildFile; fileRef = 1B2865ED1E758E3A00D4751A /* Assets.xcassets */; };
		1B2866071E758E3A00D4751A /* DringUITests.swift in Sources */ = {isa = PBXBuildFile; fileRef = 1B2866061E758E3A00D4751A /* DringUITests.swift */; };
		1B2866171E758EB100D4751A /* DataController.swift in Sources */ = {isa = PBXBuildFile; fileRef = 1B2866161E758EB100D4751A /* DataController.swift */; };
		1B28661C1E758F0000D4751A /* Main.storyboard in Resources */ = {isa = PBXBuildFile; fileRef = 1B28661A1E758F0000D4751A /* Main.storyboard */; };
		1B2866211E758F7100D4751A /* Info.plist in Resources */ = {isa = PBXBuildFile; fileRef = 1B2866201E758F7100D4751A /* Info.plist */; };
		1B2866231E758FAE00D4751A /* DringTests.swift in Sources */ = {isa = PBXBuildFile; fileRef = 1B2866221E758FAE00D4751A /* DringTests.swift */; };
		1B28662F1E75956700D4751A /* ViewController.swift in Sources */ = {isa = PBXBuildFile; fileRef = 1B28662E1E75956700D4751A /* ViewController.swift */; };
		1B33DFC31E87E44700AF6D40 /* Audio.swift in Sources */ = {isa = PBXBuildFile; fileRef = 1B33DFC21E87E44700AF6D40 /* Audio.swift */; };
		1BA166771E7CF6AF00203C09 /* draw.swift in Sources */ = {isa = PBXBuildFile; fileRef = 1BA166761E7CF6AF00203C09 /* draw.swift */; };
		1BADFEC31E7AB3B400CCB742 /* DryDataRefresh.swift in Sources */ = {isa = PBXBuildFile; fileRef = 1BADFEC21E7AB3B400CCB742 /* DryDataRefresh.swift */; };
		1BB9D1861E8A7B4100AEA752 /* LeastSquare.swift in Sources */ = {isa = PBXBuildFile; fileRef = 1BB9D1851E8A7B4100AEA752 /* LeastSquare.swift */; };
		1BCDFC0C1E7829FE00F3E752 /* Network.swift in Sources */ = {isa = PBXBuildFile; fileRef = 1BCDFC0B1E7829FE00F3E752 /* Network.swift */; };
/* End PBXBuildFile section */

/* Begin PBXContainerItemProxy section */
		1B2865F81E758E3A00D4751A /* PBXContainerItemProxy */ = {
			isa = PBXContainerItemProxy;
			containerPortal = 1B2865D81E758E3A00D4751A /* Project object */;
			proxyType = 1;
			remoteGlobalIDString = 1B2865DF1E758E3A00D4751A;
			remoteInfo = Dring;
		};
		1B2866031E758E3A00D4751A /* PBXContainerItemProxy */ = {
			isa = PBXContainerItemProxy;
			containerPortal = 1B2865D81E758E3A00D4751A /* Project object */;
			proxyType = 1;
			remoteGlobalIDString = 1B2865DF1E758E3A00D4751A;
			remoteInfo = Dring;
		};
/* End PBXContainerItemProxy section */

/* Begin PBXFileReference section */
		1B2865E01E758E3A00D4751A /* Dring.app */ = {isa = PBXFileReference; explicitFileType = wrapper.application; includeInIndex = 0; path = Dring.app; sourceTree = BUILT_PRODUCTS_DIR; };
		1B2865E31E758E3A00D4751A /* AppDelegate.swift */ = {isa = PBXFileReference; lastKnownFileType = sourcecode.swift; path = AppDelegate.swift; sourceTree = "<group>"; };
		1B2865EB1E758E3A00D4751A /* Dring.xcdatamodel */ = {isa = PBXFileReference; lastKnownFileType = wrapper.xcdatamodel; path = Dring.xcdatamodel; sourceTree = "<group>"; };
		1B2865ED1E758E3A00D4751A /* Assets.xcassets */ = {isa = PBXFileReference; lastKnownFileType = folder.assetcatalog; path = Assets.xcassets; sourceTree = "<group>"; };
		1B2865F71E758E3A00D4751A /* DringTests.xctest */ = {isa = PBXFileReference; explicitFileType = wrapper.cfbundle; includeInIndex = 0; path = DringTests.xctest; sourceTree = BUILT_PRODUCTS_DIR; };
		1B2865FD1E758E3A00D4751A /* Info.plist */ = {isa = PBXFileReference; lastKnownFileType = text.plist.xml; path = Info.plist; sourceTree = "<group>"; };
		1B2866021E758E3A00D4751A /* DringUITests.xctest */ = {isa = PBXFileReference; explicitFileType = wrapper.cfbundle; includeInIndex = 0; path = DringUITests.xctest; sourceTree = BUILT_PRODUCTS_DIR; };
		1B2866061E758E3A00D4751A /* DringUITests.swift */ = {isa = PBXFileReference; lastKnownFileType = sourcecode.swift; path = DringUITests.swift; sourceTree = "<group>"; };
		1B2866081E758E3A00D4751A /* Info.plist */ = {isa = PBXFileReference; lastKnownFileType = text.plist.xml; path = Info.plist; sourceTree = "<group>"; };
		1B2866161E758EB100D4751A /* DataController.swift */ = {isa = PBXFileReference; fileEncoding = 4; lastKnownFileType = sourcecode.swift; path = DataController.swift; sourceTree = SOURCE_ROOT; };
		1B28661B1E758F0000D4751A /* Base */ = {isa = PBXFileReference; lastKnownFileType = file.storyboard; name = Base; path = Base.lproj/Main.storyboard; sourceTree = "<group>"; };
		1B2866201E758F7100D4751A /* Info.plist */ = {isa = PBXFileReference; lastKnownFileType = text.plist; path = Info.plist; sourceTree = "<group>"; };
		1B2866221E758FAE00D4751A /* DringTests.swift */ = {isa = PBXFileReference; fileEncoding = 4; lastKnownFileType = sourcecode.swift; path = DringTests.swift; sourceTree = "<group>"; };
		1B28662E1E75956700D4751A /* ViewController.swift */ = {isa = PBXFileReference; fileEncoding = 4; lastKnownFileType = sourcecode.swift; path = ViewController.swift; sourceTree = "<group>"; };
		1B33DFC21E87E44700AF6D40 /* Audio.swift */ = {isa = PBXFileReference; fileEncoding = 4; lastKnownFileType = sourcecode.swift; path = Audio.swift; sourceTree = "<group>"; };
		1BA166761E7CF6AF00203C09 /* draw.swift */ = {isa = PBXFileReference; fileEncoding = 4; lastKnownFileType = sourcecode.swift; path = draw.swift; sourceTree = "<group>"; };
		1BADFEC21E7AB3B400CCB742 /* DryDataRefresh.swift */ = {isa = PBXFileReference; fileEncoding = 4; lastKnownFileType = sourcecode.swift; path = DryDataRefresh.swift; sourceTree = "<group>"; };
		1BB9D1851E8A7B4100AEA752 /* LeastSquare.swift */ = {isa = PBXFileReference; fileEncoding = 4; lastKnownFileType = sourcecode.swift; path = LeastSquare.swift; sourceTree = "<group>"; };
		1BCDFC0B1E7829FE00F3E752 /* Network.swift */ = {isa = PBXFileReference; fileEncoding = 4; lastKnownFileType = sourcecode.swift; path = Network.swift; sourceTree = "<group>"; };
/* End PBXFileReference section */

/* Begin PBXFrameworksBuildPhase section */
		1B2865DD1E758E3A00D4751A /* Frameworks */ = {
			isa = PBXFrameworksBuildPhase;
			buildActionMask = 2147483647;
			files = (
			);
			runOnlyForDeploymentPostprocessing = 0;
		};
		1B2865F41E758E3A00D4751A /* Frameworks */ = {
			isa = PBXFrameworksBuildPhase;
			buildActionMask = 2147483647;
			files = (
			);
			runOnlyForDeploymentPostprocessing = 0;
		};
		1B2865FF1E758E3A00D4751A /* Frameworks */ = {
			isa = PBXFrameworksBuildPhase;
			buildActionMask = 2147483647;
			files = (
			);
			runOnlyForDeploymentPostprocessing = 0;
		};
/* End PBXFrameworksBuildPhase section */

/* Begin PBXGroup section */
		1B2865D71E758E3A00D4751A = {
			isa = PBXGroup;
			children = (
				1BCDFC0B1E7829FE00F3E752 /* Network.swift */,
				1B2865E21E758E3A00D4751A /* Dring */,
				1B2865FA1E758E3A00D4751A /* DringTests */,
				1B2866051E758E3A00D4751A /* DringUITests */,
				1B2865E11E758E3A00D4751A /* Products */,
			);
			sourceTree = "<group>";
		};
		1B2865E11E758E3A00D4751A /* Products */ = {
			isa = PBXGroup;
			children = (
				1B2865E01E758E3A00D4751A /* Dring.app */,
				1B2865F71E758E3A00D4751A /* DringTests.xctest */,
				1B2866021E758E3A00D4751A /* DringUITests.xctest */,
			);
			name = Products;
			sourceTree = "<group>";
		};
		1B2865E21E758E3A00D4751A /* Dring */ = {
			isa = PBXGroup;
			children = (
				1B33DFC21E87E44700AF6D40 /* Audio.swift */,
				1BB9D1851E8A7B4100AEA752 /* LeastSquare.swift */,
				1B2866161E758EB100D4751A /* DataController.swift */,
				1BA166761E7CF6AF00203C09 /* draw.swift */,
				1BADFEC21E7AB3B400CCB742 /* DryDataRefresh.swift */,
				1B2865E31E758E3A00D4751A /* AppDelegate.swift */,
				1B28662E1E75956700D4751A /* ViewController.swift */,
				1B28661A1E758F0000D4751A /* Main.storyboard */,
				1B2865ED1E758E3A00D4751A /* Assets.xcassets */,
				1B2865EA1E758E3A00D4751A /* Dring.xcdatamodeld */,
				1B2866201E758F7100D4751A /* Info.plist */,
			);
			path = Dring;
			sourceTree = "<group>";
		};
		1B2865FA1E758E3A00D4751A /* DringTests */ = {
			isa = PBXGroup;
			children = (
				1B2866221E758FAE00D4751A /* DringTests.swift */,
				1B2865FD1E758E3A00D4751A /* Info.plist */,
			);
			path = DringTests;
			sourceTree = "<group>";
		};
		1B2866051E758E3A00D4751A /* DringUITests */ = {
			isa = PBXGroup;
			children = (
				1B2866061E758E3A00D4751A /* DringUITests.swift */,
				1B2866081E758E3A00D4751A /* Info.plist */,
			);
			path = DringUITests;
			sourceTree = "<group>";
		};
/* End PBXGroup section */

/* Begin PBXNativeTarget section */
		1B2865DF1E758E3A00D4751A /* Dring */ = {
			isa = PBXNativeTarget;
			buildConfigurationList = 1B28660B1E758E3A00D4751A /* Build configuration list for PBXNativeTarget "Dring" */;
			buildPhases = (
				1B2865DC1E758E3A00D4751A /* Sources */,
				1B2865DD1E758E3A00D4751A /* Frameworks */,
				1B2865DE1E758E3A00D4751A /* Resources */,
			);
			buildRules = (
			);
			dependencies = (
			);
			name = Dring;
			productName = Dring;
			productReference = 1B2865E01E758E3A00D4751A /* Dring.app */;
			productType = "com.apple.product-type.application";
		};
		1B2865F61E758E3A00D4751A /* DringTests */ = {
			isa = PBXNativeTarget;
			buildConfigurationList = 1B28660E1E758E3A00D4751A /* Build configuration list for PBXNativeTarget "DringTests" */;
			buildPhases = (
				1B2865F31E758E3A00D4751A /* Sources */,
				1B2865F41E758E3A00D4751A /* Frameworks */,
				1B2865F51E758E3A00D4751A /* Resources */,
			);
			buildRules = (
			);
			dependencies = (
				1B2865F91E758E3A00D4751A /* PBXTargetDependency */,
			);
			name = DringTests;
			productName = DringTests;
			productReference = 1B2865F71E758E3A00D4751A /* DringTests.xctest */;
			productType = "com.apple.product-type.bundle.unit-test";
		};
		1B2866011E758E3A00D4751A /* DringUITests */ = {
			isa = PBXNativeTarget;
			buildConfigurationList = 1B2866111E758E3A00D4751A /* Build configuration list for PBXNativeTarget "DringUITests" */;
			buildPhases = (
				1B2865FE1E758E3A00D4751A /* Sources */,
				1B2865FF1E758E3A00D4751A /* Frameworks */,
				1B2866001E758E3A00D4751A /* Resources */,
			);
			buildRules = (
			);
			dependencies = (
				1B2866041E758E3A00D4751A /* PBXTargetDependency */,
			);
			name = DringUITests;
			productName = DringUITests;
			productReference = 1B2866021E758E3A00D4751A /* DringUITests.xctest */;
			productType = "com.apple.product-type.bundle.ui-testing";
		};
/* End PBXNativeTarget section */

/* Begin PBXProject section */
		1B2865D81E758E3A00D4751A /* Project object */ = {
			isa = PBXProject;
			attributes = {
				KnownAssetTags = (
					1001,
					1002,
				);
				LastSwiftUpdateCheck = 0820;
				LastUpgradeCheck = 0820;
				ORGANIZATIONNAME = "刘兴明";
				TargetAttributes = {
					1B2865DF1E758E3A00D4751A = {
						CreatedOnToolsVersion = 8.2.1;
						DevelopmentTeam = M3YZ7GN354;
						ProvisioningStyle = Automatic;
					};
					1B2865F61E758E3A00D4751A = {
						CreatedOnToolsVersion = 8.2.1;
						ProvisioningStyle = Automatic;
						TestTargetID = 1B2865DF1E758E3A00D4751A;
					};
					1B2866011E758E3A00D4751A = {
						CreatedOnToolsVersion = 8.2.1;
						ProvisioningStyle = Automatic;
						TestTargetID = 1B2865DF1E758E3A00D4751A;
					};
				};
			};
			buildConfigurationList = 1B2865DB1E758E3A00D4751A /* Build configuration list for PBXProject "Dring" */;
			compatibilityVersion = "Xcode 3.2";
			developmentRegion = English;
			hasScannedForEncodings = 0;
			knownRegions = (
				en,
				Base,
			);
			mainGroup = 1B2865D71E758E3A00D4751A;
			productRefGroup = 1B2865E11E758E3A00D4751A /* Products */;
			projectDirPath = "";
			projectRoot = "";
			targets = (
				1B2865DF1E758E3A00D4751A /* Dring */,
				1B2865F61E758E3A00D4751A /* DringTests */,
				1B2866011E758E3A00D4751A /* DringUITests */,
			);
		};
/* End PBXProject section */

/* Begin PBXResourcesBuildPhase section */
		1B2865DE1E758E3A00D4751A /* Resources */ = {
			isa = PBXResourcesBuildPhase;
			buildActionMask = 2147483647;
			files = (
				1B2866211E758F7100D4751A /* Info.plist in Resources */,
				1B28661C1E758F0000D4751A /* Main.storyboard in Resources */,
				1B2865EE1E758E3A00D4751A /* Assets.xcassets in Resources */,
			);
			runOnlyForDeploymentPostprocessing = 0;
		};
		1B2865F51E758E3A00D4751A /* Resources */ = {
			isa = PBXResourcesBuildPhase;
			buildActionMask = 2147483647;
			files = (
			);
			runOnlyForDeploymentPostprocessing = 0;
		};
		1B2866001E758E3A00D4751A /* Resources */ = {
			isa = PBXResourcesBuildPhase;
			buildActionMask = 2147483647;
			files = (
			);
			runOnlyForDeploymentPostprocessing = 0;
		};
/* End PBXResourcesBuildPhase section */

/* Begin PBXSourcesBuildPhase section */
		1B2865DC1E758E3A00D4751A /* Sources */ = {
			isa = PBXSourcesBuildPhase;
			buildActionMask = 2147483647;
			files = (
				1B33DFC31E87E44700AF6D40 /* Audio.swift in Sources */,
				1BCDFC0C1E7829FE00F3E752 /* Network.swift in Sources */,
				1BB9D1861E8A7B4100AEA752 /* LeastSquare.swift in Sources */,
				1BADFEC31E7AB3B400CCB742 /* DryDataRefresh.swift in Sources */,
				1B2866171E758EB100D4751A /* DataController.swift in Sources */,
				1B2865EC1E758E3A00D4751A /* Dring.xcdatamodeld in Sources */,
				1B28662F1E75956700D4751A /* ViewController.swift in Sources */,
				1BA166771E7CF6AF00203C09 /* draw.swift in Sources */,
				1B2865E41E758E3A00D4751A /* AppDelegate.swift in Sources */,
			);
			runOnlyForDeploymentPostprocessing = 0;
		};
		1B2865F31E758E3A00D4751A /* Sources */ = {
			isa = PBXSourcesBuildPhase;
			buildActionMask = 2147483647;
			files = (
				1B2866231E758FAE00D4751A /* DringTests.swift in Sources */,
			);
			runOnlyForDeploymentPostprocessing = 0;
		};
		1B2865FE1E758E3A00D4751A /* Sources */ = {
			isa = PBXSourcesBuildPhase;
			buildActionMask = 2147483647;
			files = (
				1B2866071E758E3A00D4751A /* DringUITests.swift in Sources */,
			);
			runOnlyForDeploymentPostprocessing = 0;
		};
/* End PBXSourcesBuildPhase section */

/* Begin PBXTargetDependency section */
		1B2865F91E758E3A00D4751A /* PBXTargetDependency */ = {
			isa = PBXTargetDependency;
			target = 1B2865DF1E758E3A00D4751A /* Dring */;
			targetProxy = 1B2865F81E758E3A00D4751A /* PBXContainerItemProxy */;
		};
		1B2866041E758E3A00D4751A /* PBXTargetDependency */ = {
			isa = PBXTargetDependency;
			target = 1B2865DF1E758E3A00D4751A /* Dring */;
			targetProxy = 1B2866031E758E3A00D4751A /* PBXContainerItemProxy */;
		};
/* End PBXTargetDependency section */

/* Begin PBXVariantGroup section */
		1B28661A1E758F0000D4751A /* Main.storyboard */ = {
			isa = PBXVariantGroup;
			children = (
				1B28661B1E758F0000D4751A /* Base */,
			);
			name = Main.storyboard;
			sourceTree = "<group>";
		};
/* End PBXVariantGroup section */

/* Begin XCBuildConfiguration section */
		1B2866091E758E3A00D4751A /* Debug */ = {
			isa = XCBuildConfiguration;
			buildSettings = {
				ALWAYS_SEARCH_USER_PATHS = NO;
				CLANG_ANALYZER_NONNULL = YES;
				CLANG_CXX_LANGUAGE_STANDARD = "gnu++0x";
				CLANG_CXX_LIBRARY = "libc++";
				CLANG_ENABLE_MODULES = YES;
				CLANG_ENABLE_OBJC_ARC = YES;
				CLANG_WARN_BOOL_CONVERSION = YES;
				CLANG_WARN_CONSTANT_CONVERSION = YES;
				CLANG_WARN_DIRECT_OBJC_ISA_USAGE = YES_ERROR;
				CLANG_WARN_DOCUMENTATION_COMMENTS = YES;
				CLANG_WARN_EMPTY_BODY = YES;
				CLANG_WARN_ENUM_CONVERSION = YES;
				CLANG_WARN_INFINITE_RECURSION = YES;
				CLANG_WARN_INT_CONVERSION = YES;
				CLANG_WARN_OBJC_ROOT_CLASS = YES_ERROR;
				CLANG_WARN_SUSPICIOUS_MOVE = YES;
				CLANG_WARN_UNREACHABLE_CODE = YES;
				CLANG_WARN__DUPLICATE_METHOD_MATCH = YES;
				"CODE_SIGN_IDENTITY[sdk=iphoneos*]" = "iPhone Developer";
				COPY_PHASE_STRIP = NO;
				DEBUG_INFORMATION_FORMAT = dwarf;
				ENABLE_STRICT_OBJC_MSGSEND = YES;
				ENABLE_TESTABILITY = YES;
				GCC_C_LANGUAGE_STANDARD = gnu99;
				GCC_DYNAMIC_NO_PIC = NO;
				GCC_NO_COMMON_BLOCKS = YES;
				GCC_OPTIMIZATION_LEVEL = 0;
				GCC_PREPROCESSOR_DEFINITIONS = (
					"DEBUG=1",
					"$(inherited)",
				);
				GCC_WARN_64_TO_32_BIT_CONVERSION = YES;
				GCC_WARN_ABOUT_RETURN_TYPE = YES_ERROR;
				GCC_WARN_UNDECLARED_SELECTOR = YES;
				GCC_WARN_UNINITIALIZED_AUTOS = YES_AGGRESSIVE;
				GCC_WARN_UNUSED_FUNCTION = YES;
				GCC_WARN_UNUSED_VARIABLE = YES;
				IPHONEOS_DEPLOYMENT_TARGET = 10.2;
				MTL_ENABLE_DEBUG_INFO = YES;
				ONLY_ACTIVE_ARCH = YES;
				SDKROOT = iphoneos;
				SWIFT_ACTIVE_COMPILATION_CONDITIONS = DEBUG;
				SWIFT_OPTIMIZATION_LEVEL = "-Onone";
			};
			name = Debug;
		};
		1B28660A1E758E3A00D4751A /* Release */ = {
			isa = XCBuildConfiguration;
			buildSettings = {
				ALWAYS_SEARCH_USER_PATHS = NO;
				CLANG_ANALYZER_NONNULL = YES;
				CLANG_CXX_LANGUAGE_STANDARD = "gnu++0x";
				CLANG_CXX_LIBRARY = "libc++";
				CLANG_ENABLE_MODULES = YES;
				CLANG_ENABLE_OBJC_ARC = YES;
				CLANG_WARN_BOOL_CONVERSION = YES;
				CLANG_WARN_CONSTANT_CONVERSION = YES;
				CLANG_WARN_DIRECT_OBJC_ISA_USAGE = YES_ERROR;
				CLANG_WARN_DOCUMENTATION_COMMENTS = YES;
				CLANG_WARN_EMPTY_BODY = YES;
				CLANG_WARN_ENUM_CONVERSION = YES;
				CLANG_WARN_INFINITE_RECURSION = YES;
				CLANG_WARN_INT_CONVERSION = YES;
				CLANG_WARN_OBJC_ROOT_CLASS = YES_ERROR;
				CLANG_WARN_SUSPICIOUS_MOVE = YES;
				CLANG_WARN_UNREACHABLE_CODE = YES;
				CLANG_WARN__DUPLICATE_METHOD_MATCH = YES;
				"CODE_SIGN_IDENTITY[sdk=iphoneos*]" = "iPhone Developer";
				COPY_PHASE_STRIP = NO;
				DEBUG_INFORMATION_FORMAT = "dwarf-with-dsym";
				ENABLE_NS_ASSERTIONS = NO;
				ENABLE_STRICT_OBJC_MSGSEND = YES;
				GCC_C_LANGUAGE_STANDARD = gnu99;
				GCC_NO_COMMON_BLOCKS = YES;
				GCC_WARN_64_TO_32_BIT_CONVERSION = YES;
				GCC_WARN_ABOUT_RETURN_TYPE = YES_ERROR;
				GCC_WARN_UNDECLARED_SELECTOR = YES;
				GCC_WARN_UNINITIALIZED_AUTOS = YES_AGGRESSIVE;
				GCC_WARN_UNUSED_FUNCTION = YES;
				GCC_WARN_UNUSED_VARIABLE = YES;
				IPHONEOS_DEPLOYMENT_TARGET = 10.2;
				MTL_ENABLE_DEBUG_INFO = NO;
				SDKROOT = iphoneos;
				SWIFT_OPTIMIZATION_LEVEL = "-Owholemodule";
				VALIDATE_PRODUCT = YES;
			};
			name = Release;
		};
		1B28660C1E758E3A00D4751A /* Debug */ = {
			isa = XCBuildConfiguration;
			buildSettings = {
				ASSETCATALOG_COMPILER_APPICON_NAME = AppIcon;
				DEVELOPMENT_TEAM = M3YZ7GN354;
				INFOPLIST_FILE = Dring/Info.plist;
				LD_RUNPATH_SEARCH_PATHS = "$(inherited) @executable_path/Frameworks";
				PRODUCT_BUNDLE_IDENTIFIER = com.yrr8.Dring;
				PRODUCT_NAME = "$(TARGET_NAME)";
				SWIFT_VERSION = 3.0;
			};
			name = Debug;
		};
		1B28660D1E758E3A00D4751A /* Release */ = {
			isa = XCBuildConfiguration;
			buildSettings = {
				ASSETCATALOG_COMPILER_APPICON_NAME = AppIcon;
				DEVELOPMENT_TEAM = M3YZ7GN354;
				INFOPLIST_FILE = Dring/Info.plist;
				LD_RUNPATH_SEARCH_PATHS = "$(inherited) @executable_path/Frameworks";
				PRODUCT_BUNDLE_IDENTIFIER = com.yrr8.Dring;
				PRODUCT_NAME = "$(TARGET_NAME)";
				SWIFT_VERSION = 3.0;
			};
			name = Release;
		};
		1B28660F1E758E3A00D4751A /* Debug */ = {
			isa = XCBuildConfiguration;
			buildSettings = {
				ALWAYS_EMBED_SWIFT_STANDARD_LIBRARIES = YES;
				BUNDLE_LOADER = "$(TEST_HOST)";
				INFOPLIST_FILE = DringTests/Info.plist;
				LD_RUNPATH_SEARCH_PATHS = "$(inherited) @executable_path/Frameworks @loader_path/Frameworks";
				PRODUCT_BUNDLE_IDENTIFIER = com.yrr8.DringTests;
				PRODUCT_NAME = "$(TARGET_NAME)";
				SWIFT_VERSION = 3.0;
				TEST_HOST = "$(BUILT_PRODUCTS_DIR)/Dring.app/Dring";
			};
			name = Debug;
		};
		1B2866101E758E3A00D4751A /* Release */ = {
			isa = XCBuildConfiguration;
			buildSettings = {
				ALWAYS_EMBED_SWIFT_STANDARD_LIBRARIES = YES;
				BUNDLE_LOADER = "$(TEST_HOST)";
				INFOPLIST_FILE = DringTests/Info.plist;
				LD_RUNPATH_SEARCH_PATHS = "$(inherited) @executable_path/Frameworks @loader_path/Frameworks";
				PRODUCT_BUNDLE_IDENTIFIER = com.yrr8.DringTests;
				PRODUCT_NAME = "$(TARGET_NAME)";
				SWIFT_VERSION = 3.0;
				TEST_HOST = "$(BUILT_PRODUCTS_DIR)/Dring.app/Dring";
			};
			name = Release;
		};
		1B2866121E758E3A00D4751A /* Debug */ = {
			isa = XCBuildConfiguration;
			buildSettings = {
				ALWAYS_EMBED_SWIFT_STANDARD_LIBRARIES = YES;
				INFOPLIST_FILE = DringUITests/Info.plist;
				LD_RUNPATH_SEARCH_PATHS = "$(inherited) @executable_path/Frameworks @loader_path/Frameworks";
				PRODUCT_BUNDLE_IDENTIFIER = com.yrr8.DringUITests;
				PRODUCT_NAME = "$(TARGET_NAME)";
				SWIFT_VERSION = 3.0;
				TEST_TARGET_NAME = Dring;
			};
			name = Debug;
		};
		1B2866131E758E3A00D4751A /* Release */ = {
			isa = XCBuildConfiguration;
			buildSettings = {
				ALWAYS_EMBED_SWIFT_STANDARD_LIBRARIES = YES;
				INFOPLIST_FILE = DringUITests/Info.plist;
				LD_RUNPATH_SEARCH_PATHS = "$(inherited) @executable_path/Frameworks @loader_path/Frameworks";
				PRODUCT_BUNDLE_IDENTIFIER = com.yrr8.DringUITests;
				PRODUCT_NAME = "$(TARGET_NAME)";
				SWIFT_VERSION = 3.0;
				TEST_TARGET_NAME = Dring;
			};
			name = Release;
		};
/* End XCBuildConfiguration section */

/* Begin XCConfigurationList section */
		1B2865DB1E758E3A00D4751A /* Build configuration list for PBXProject "Dring" */ = {
			isa = XCConfigurationList;
			buildConfigurations = (
				1B2866091E758E3A00D4751A /* Debug */,
				1B28660A1E758E3A00D4751A /* Release */,
			);
			defaultConfigurationIsVisible = 0;
			defaultConfigurationName = Release;
		};
		1B28660B1E758E3A00D4751A /* Build configuration list for PBXNativeTarget "Dring" */ = {
			isa = XCConfigurationList;
			buildConfigurations = (
				1B28660C1E758E3A00D4751A /* Debug */,
				1B28660D1E758E3A00D4751A /* Release */,
			);
			defaultConfigurationIsVisible = 0;
			defaultConfigurationName = Release;
		};
		1B28660E1E758E3A00D4751A /* Build configuration list for PBXNativeTarget "DringTests" */ = {
			isa = XCConfigurationList;
			buildConfigurations = (
				1B28660F1E758E3A00D4751A /* Debug */,
				1B2866101E758E3A00D4751A /* Release */,
			);
			defaultConfigurationIsVisible = 0;
			defaultConfigurationName = Release;
		};
		1B2866111E758E3A00D4751A /* Build configuration list for PBXNativeTarget "DringUITests" */ = {
			isa = XCConfigurationList;
			buildConfigurations = (
				1B2866121E758E3A00D4751A /* Debug */,
				1B2866131E758E3A00D4751A /* Release */,
			);
			defaultConfigurationIsVisible = 0;
			defaultConfigurationName = Release;
		};
/* End XCConfigurationList section */

/* Begin XCVersionGroup section */
		1B2865EA1E758E3A00D4751A /* Dring.xcdatamodeld */ = {
			isa = XCVersionGroup;
			children = (
				1B2865EB1E758E3A00D4751A /* Dring.xcdatamodel */,
			);
			currentVersion = 1B2865EB1E758E3A00D4751A /* Dring.xcdatamodel */;
			path = Dring.xcdatamodeld;
			sourceTree = "<group>";
			versionGroupType = wrapper.xcdatamodel;
		};
/* End XCVersionGroup section */
	};
	rootObject = 1B2865D81E758E3A00D4751A /* Project object */;
}
